
Microsoft Visual Studio Solution File, Format Version 12.00
# Visual Studio Version 17
VisualStudioVersion = 17.5.33516.290
MinimumVisualStudioVersion = 10.0.40219.1
Project("{2150E333-8FDC-42A3-9474-1A3956D46DE8}") = "Solution Items", "Solution Items", "{A75FE10E-20D2-430B-B55B-87D78D840350}"
	ProjectSection(SolutionItems) = preProject
		.editorconfig = .editorconfig
	EndProjectSection
EndProject
Project("{FAE04EC0-301F-11D3-BF4B-00C04F79EFBC}") = "OnBreak.BD", "OnBreak.BD\OnBreak.BD.csproj", "{1A8147C7-6F85-4704-A750-8DB5416CA490}"
EndProject
Project("{FAE04EC0-301F-11D3-BF4B-00C04F79EFBC}") = "OnBreak.BC", "OnBreak.BC\OnBreak.BC.csproj", "{F053AC35-3290-4CE9-A7C8-52DDF83E2DF6}"
EndProject
Project("{FAE04EC0-301F-11D3-BF4B-00C04F79EFBC}") = "Vistas", "Vistas\Vistas.csproj", "{67F08F53-8E8C-4219-B789-D65343A7034D}"
EndProject
Global
	GlobalSection(SolutionConfigurationPlatforms) = preSolution
		Debug|Any CPU = Debug|Any CPU
		Release|Any CPU = Release|Any CPU
	EndGlobalSection
	GlobalSection(ProjectConfigurationPlatforms) = postSolution
		{1A8147C7-6F85-4704-A750-8DB5416CA490}.Debug|Any CPU.ActiveCfg = Debug|Any CPU
		{1A8147C7-6F85-4704-A750-8DB5416CA490}.Debug|Any CPU.Build.0 = Debug|Any CPU
		{1A8147C7-6F85-4704-A750-8DB5416CA490}.Release|Any CPU.ActiveCfg = Release|Any CPU
		{1A8147C7-6F85-4704-A750-8DB5416CA490}.Release|Any CPU.Build.0 = Release|Any CPU
		{F053AC35-3290-4CE9-A7C8-52DDF83E2DF6}.Debug|Any CPU.ActiveCfg = Debug|Any CPU
		{F053AC35-3290-4CE9-A7C8-52DDF83E2DF6}.Debug|Any CPU.Build.0 = Debug|Any CPU
		{F053AC35-3290-4CE9-A7C8-52DDF83E2DF6}.Release|Any CPU.ActiveCfg = Release|Any CPU
		{F053AC35-3290-4CE9-A7C8-52DDF83E2DF6}.Release|Any CPU.Build.0 = Release|Any CPU
		{67F08F53-8E8C-4219-B789-D65343A7034D}.Debug|Any CPU.ActiveCfg = Debug|Any CPU
		{67F08F53-8E8C-4219-B789-D65343A7034D}.Debug|Any CPU.Build.0 = Debug|Any CPU
		{67F08F53-8E8C-4219-B789-D65343A7034D}.Release|Any CPU.ActiveCfg = Release|Any CPU
		{67F08F53-8E8C-4219-B789-D65343A7034D}.Release|Any CPU.Build.0 = Release|Any CPU
	EndGlobalSection
	GlobalSection(SolutionProperties) = preSolution
		HideSolutionNode = FALSE
	EndGlobalSection
	GlobalSection(ExtensibilityGlobals) = postSolution
		SolutionGuid = {E24937DD-329D-4B86-8D73-8DF98EB0161C}
	EndGlobalSection
EndGlobal
